
Microsoft Visual Studio Solution File, Format Version 12.00
# Visual Studio Version 17
VisualStudioVersion = 17.4.33122.133
MinimumVisualStudioVersion = 10.0.40219.1
Project("{FAE04EC0-301F-11D3-BF4B-00C04F79EFBC}") = "LinkListExample", "LinkListExample\LinkListExample.csproj", "{A7BB9BD3-141C-421E-B72B-0817339EA22B}"
EndProject
Global
	GlobalSection(SolutionConfigurationPlatforms) = preSolution
		Debug|Any CPU = Debug|Any CPU
		Release|Any CPU = Release|Any CPU
	EndGlobalSection
	GlobalSection(ProjectConfigurationPlatforms) = postSolution
		{A7BB9BD3-141C-421E-B72B-0817339EA22B}.Debug|Any CPU.ActiveCfg = Debug|Any CPU
		{A7BB9BD3-141C-421E-B72B-0817339EA22B}.Debug|Any CPU.Build.0 = Debug|Any CPU
		{A7BB9BD3-141C-421E-B72B-0817339EA22B}.Release|Any CPU.ActiveCfg = Release|Any CPU
		{A7BB9BD3-141C-421E-B72B-0817339EA22B}.Release|Any CPU.Build.0 = Release|Any CPU
	EndGlobalSection
	GlobalSection(SolutionProperties) = preSolution
		HideSolutionNode = FALSE
	EndGlobalSection
	GlobalSection(ExtensibilityGlobals) = postSolution
		SolutionGuid = {F672A5FF-5AC4-4F5A-9213-7B90CA5F5F78}
	EndGlobalSection
EndGlobal
